
Microsoft Visual Studio Solution File, Format Version 12.00
# Visual Studio Version 17
VisualStudioVersion = 17.6.33712.159
MinimumVisualStudioVersion = 10.0.40219.1
Project("{FAE04EC0-301F-11D3-BF4B-00C04F79EFBC}") = "EventHubFuncApprepro", "EventHubFuncApprepro\EventHubFuncApprepro.csproj", "{B3AA90DA-1D36-4150-B755-C088DCEA6CAB}"
EndProject
Global
	GlobalSection(SolutionConfigurationPlatforms) = preSolution
		Debug|Any CPU = Debug|Any CPU
		Release|Any CPU = Release|Any CPU
	EndGlobalSection
	GlobalSection(ProjectConfigurationPlatforms) = postSolution
		{B3AA90DA-1D36-4150-B755-C088DCEA6CAB}.Debug|Any CPU.ActiveCfg = Debug|Any CPU
		{B3AA90DA-1D36-4150-B755-C088DCEA6CAB}.Debug|Any CPU.Build.0 = Debug|Any CPU
		{B3AA90DA-1D36-4150-B755-C088DCEA6CAB}.Release|Any CPU.ActiveCfg = Release|Any CPU
		{B3AA90DA-1D36-4150-B755-C088DCEA6CAB}.Release|Any CPU.Build.0 = Release|Any CPU
	EndGlobalSection
	GlobalSection(SolutionProperties) = preSolution
		HideSolutionNode = FALSE
	EndGlobalSection
	GlobalSection(ExtensibilityGlobals) = postSolution
		SolutionGuid = {D486F949-3114-4677-A840-011B3D15E2AA}
	EndGlobalSection
EndGlobal
